{
  "version": 2,
  "dependencies": {
    "net10.0": {
      "Light.GuardClauses": {
        "type": "Direct",
        "requested": "[14.0.0, )",
        "resolved": "14.0.0",
        "contentHash": "UTNv86j5+Aw2TFjzBhrKy0rwGhk4sSUyt10AOPQkIRgq59eHvAW1SmjEzAcqBeQmpH2iGX9k/hFDGOnGJ8FR7w=="
      }
    }
  }
}