{
  "version": 2,
  "dependencies": {
    "net10.0": {
      "Asp.Versioning.Mvc": {
        "type": "Direct",
        "requested": "[8.1.0, )",
        "resolved": "8.1.0",
        "contentHash": "BMAJM2sGsTUw5FQ9upKQt6GFoldWksePgGpYjl56WSRvIuE3UxKZh0gAL+wDTIfLshUZm97VCVxlOGyrcjWz9Q==",
        "dependencies": {
          "Asp.Versioning.Http": "8.1.0"
        }
      },
      "Microsoft.AspNetCore.OpenApi": {
        "type": "Direct",
        "requested": "[10.0.1, )",
        "resolved": "10.0.1",
        "contentHash": "gMY53EggRIFawhue66GanHcm1Tcd0+QzzMwnMl60LrEoJhGgzA9qAbLx6t/ON3hX4flc2NcEbTK1Z5GCLYHcwA==",
        "dependencies": {
          "Microsoft.OpenApi": "2.0.0"
        }
      },
      "Asp.Versioning.Abstractions": {
        "type": "Transitive",
        "resolved": "8.1.0",
        "contentHash": "mpeNZyMdvrHztJwR1sXIUQ+3iioEU97YMBnFA9WLbsPOYhGwDJnqJMmEd8ny7kcmS9OjTHoEuX/bSXXY3brIFA=="
      },
      "Asp.Versioning.Http": {
        "type": "Transitive",
        "resolved": "8.1.0",
        "contentHash": "Xu4xF62Cu9JqYi/CTa2TiK5kyHoa4EluPynj/bPFWDmlTIPzuJQbBI5RgFYVRFHjFVvWMoA77acRaFu7i7Wzqg==",
        "dependencies": {
          "Asp.Versioning.Abstractions": "8.1.0"
        }
      },
      "FluentValidation.DependencyInjectionExtensions": {
        "type": "Transitive",
        "resolved": "8.2.2",
        "contentHash": "WGR6uZVCnVZscR3UZS8eIf2D19ETySMAq48e5qdUTCktGEYMg6FaFw7H3cFoeVM1ga/EV6aoZVa1DHlIBtJ+sg==",
        "dependencies": {
          "FluentValidation": "8.2.2",
          "Microsoft.Extensions.Dependencyinjection.Abstractions": "2.1.0"
        }
      },
      "Humanizer.Core": {
        "type": "Transitive",
        "resolved": "2.14.1",
        "contentHash": "lQKvtaTDOXnoVJ20ibTuSIOf2i0uO0MPbDhd1jm238I+U/2ZnRENj0cktKZhtchBMtCUSRQ5v4xBCUbKNmyVMw=="
      },
      "Microsoft.Build": {
        "type": "Transitive",
        "resolved": "17.7.2",
        "contentHash": "AmWnumxsMiRycFfE3kq/XnFFTAoPpCWl3UuiKQWCa5Z0+hBKVoiydzS2iXJGd3x+jry+qaTR9GzoezjV9NFT5A==",
        "dependencies": {
          "Microsoft.Build.Framework": "17.7.2",
          "Microsoft.NET.StringTools": "17.7.2",
          "System.Configuration.ConfigurationManager": "7.0.0",
          "System.Reflection.MetadataLoadContext": "7.0.0",
          "System.Security.Permissions": "7.0.0"
        }
      },
      "Microsoft.Build.Framework": {
        "type": "Transitive",
        "resolved": "17.14.28",
        "contentHash": "wRcyTzGV0LRAtFdrddtioh59Ky4/zbvyraP0cQkDzRSRkhgAQb0K88D/JNC6VHLIXanRi3mtV1jU0uQkBwmiVg=="
      },
      "Microsoft.Build.Tasks.Core": {
        "type": "Transitive",
        "resolved": "17.14.28",
        "contentHash": "jk3O0tXp9QWPXhLJ7Pl8wm/eGtGgA1++vwHGWEmnwMU6eP//ghtcCUpQh9CQMwEKGDnH0aJf285V1s8yiSlKfQ==",
        "dependencies": {
          "Microsoft.Build.Framework": "17.14.28",
          "Microsoft.Build.Utilities.Core": "17.14.28",
          "Microsoft.NET.StringTools": "17.14.28",
          "System.CodeDom": "9.0.0",
          "System.Configuration.ConfigurationManager": "9.0.0",
          "System.Formats.Nrbf": "9.0.0",
          "System.Resources.Extensions": "9.0.0",
          "System.Security.Cryptography.Pkcs": "9.0.0",
          "System.Security.Cryptography.ProtectedData": "9.0.0"
        }
      },
      "Microsoft.Build.Utilities.Core": {
        "type": "Transitive",
        "resolved": "17.14.28",
        "contentHash": "rhSdPo8QfLXXWM+rY0x0z1G4KK4ZhMoIbHROyDj8MUBFab9nvHR0NaMnjzOgXldhmD2zi2ir8d6xCatNzlhF5g==",
        "dependencies": {
          "Microsoft.Build.Framework": "17.14.28",
          "Microsoft.NET.StringTools": "17.14.28",
          "System.Configuration.ConfigurationManager": "9.0.0",
          "System.Security.Cryptography.ProtectedData": "9.0.0"
        }
      },
      "Microsoft.CodeAnalysis.Analyzers": {
        "type": "Transitive",
        "resolved": "3.11.0",
        "contentHash": "v/EW3UE8/lbEYHoC2Qq7AR/DnmvpgdtAMndfQNmpuIMx/Mto8L5JnuCfdBYtgvalQOtfNCnxFejxuRrryvUTsg=="
      },
      "Microsoft.CodeAnalysis.Common": {
        "type": "Transitive",
        "resolved": "4.14.0",
        "contentHash": "PC3tuwZYnC+idaPuoC/AZpEdwrtX7qFpmnrfQkgobGIWiYmGi5MCRtl5mx6QrfMGQpK78X2lfIEoZDLg/qnuHg==",
        "dependencies": {
          "Microsoft.CodeAnalysis.Analyzers": "3.11.0"
        }
      },
      "Microsoft.CodeAnalysis.CSharp": {
        "type": "Transitive",
        "resolved": "4.14.0",
        "contentHash": "568a6wcTivauIhbeWcCwfWwIn7UV7MeHEBvFB2uzGIpM2OhJ4eM/FZ8KS0yhPoNxnSpjGzz7x7CIjTxhslojQA==",
        "dependencies": {
          "Microsoft.CodeAnalysis.Analyzers": "3.11.0",
          "Microsoft.CodeAnalysis.Common": "[4.14.0]"
        }
      },
      "Microsoft.CodeAnalysis.CSharp.Workspaces": {
        "type": "Transitive",
        "resolved": "4.14.0",
        "contentHash": "QkgCEM4qJo6gdtblXtNgHqtykS61fxW+820hx5JN6n9DD4mQtqNB+6fPeJ3GQWg6jkkGz6oG9yZq7H3Gf0zwYw==",
        "dependencies": {
          "Humanizer.Core": "2.14.1",
          "Microsoft.CodeAnalysis.Analyzers": "3.11.0",
          "Microsoft.CodeAnalysis.CSharp": "[4.14.0]",
          "Microsoft.CodeAnalysis.Common": "[4.14.0]",
          "Microsoft.CodeAnalysis.Workspaces.Common": "[4.14.0]",
          "System.Composition": "9.0.0"
        }
      },
      "Microsoft.CodeAnalysis.Workspaces.Common": {
        "type": "Transitive",
        "resolved": "4.14.0",
        "contentHash": "wNVK9JrqjqDC/WgBUFV6henDfrW87NPfo98nzah/+M/G1D6sBOPtXwqce3UQNn+6AjTnmkHYN1WV9XmTlPemTw==",
        "dependencies": {
          "Humanizer.Core": "2.14.1",
          "Microsoft.CodeAnalysis.Analyzers": "3.11.0",
          "Microsoft.CodeAnalysis.Common": "[4.14.0]",
          "System.Composition": "9.0.0"
        }
      },
      "Microsoft.CodeAnalysis.Workspaces.MSBuild": {
        "type": "Transitive",
        "resolved": "4.14.0",
        "contentHash": "YU7Sguzm1Cuhi2U6S0DRKcVpqAdBd2QmatpyE0KqYMJogJ9E27KHOWGUzAOjsyjAM7sNaUk+a8VPz24knDseFw==",
        "dependencies": {
          "Humanizer.Core": "2.14.1",
          "Microsoft.Build": "17.7.2",
          "Microsoft.Build.Framework": "17.7.2",
          "Microsoft.Build.Tasks.Core": "17.7.2",
          "Microsoft.Build.Utilities.Core": "17.7.2",
          "Microsoft.CodeAnalysis.Analyzers": "3.11.0",
          "Microsoft.CodeAnalysis.Workspaces.Common": "[4.14.0]",
          "Newtonsoft.Json": "13.0.3",
          "System.CodeDom": "7.0.0",
          "System.Composition": "9.0.0",
          "System.Configuration.ConfigurationManager": "9.0.0",
          "System.Resources.Extensions": "9.0.0",
          "System.Security.Cryptography.Pkcs": "7.0.2",
          "System.Security.Cryptography.ProtectedData": "9.0.0",
          "System.Security.Permissions": "9.0.0",
          "System.Windows.Extensions": "9.0.0"
        }
      },
      "Microsoft.EntityFrameworkCore.Abstractions": {
        "type": "Transitive",
        "resolved": "10.0.1",
        "contentHash": "sp6Uq8Oc3RVGtmxLS3ZgzVeFHrpLNymsMudoeqRmB9pRTWgvq2S903sF5OnaaZmh4Bz6kpq7FwofE+DOhKJYvg=="
      },
      "Microsoft.EntityFrameworkCore.Analyzers": {
        "type": "Transitive",
        "resolved": "10.0.1",
        "contentHash": "Ug2lxkiz1bpnxQF/xdswLl5EBA6sAG2ig5nMjmtpQZO0C88ZnvUkbpH2vQq+8ultIRmvp5Ec2jndLGRMPjW0Ew=="
      },
      "Microsoft.Extensions.DependencyInjection.Abstractions": {
        "type": "Transitive",
        "resolved": "2.1.0",
        "contentHash": "8/CtASu80UIoyG+r8FstrmZW5GLtXxzoYpjj3jV0FKZCL5CiFgSH3pAmqut/dC68mu7N1bU6v0UtKKL3gCUQGQ=="
      },
      "Microsoft.Extensions.DependencyModel": {
        "type": "Transitive",
        "resolved": "10.0.1",
        "contentHash": "IiWPd4j8JLNjSkyXl5hvJwX2ZENDVQVPDHYgZmYdw8+YkY2xp9iQt0vjdnAQZLpo/ipeW1xgOqfSBEnivKWPYQ=="
      },
      "Microsoft.IdentityModel.Abstractions": {
        "type": "Transitive",
        "resolved": "8.15.0",
        "contentHash": "e/DApa1GfxUqHSBHcpiQg8yaghKAvFVBQFcWh25jNoRobDZbduTUACY8bZ54eeGWXvimGmEDdF0zkS5Dq16XPQ=="
      },
      "Microsoft.IdentityModel.JsonWebTokens": {
        "type": "Transitive",
        "resolved": "8.15.0",
        "contentHash": "3513f5VzvOZy3ELd42wGnh1Q3e83tlGAuXFSNbENpgWYoAhLLzgFtd5PiaOPGAU0gqKhYGVzKavghLUGfX3HQg==",
        "dependencies": {
          "Microsoft.IdentityModel.Tokens": "8.15.0"
        }
      },
      "Microsoft.IdentityModel.Logging": {
        "type": "Transitive",
        "resolved": "8.15.0",
        "contentHash": "1gJLjhy0LV2RQMJ9NGzi5Tnb2l+c37o8D8Lrk2mrvmb6OQHZ7XJstd/XxvncXgBpad4x9CGXdipbZzJJCXKyAg==",
        "dependencies": {
          "Microsoft.IdentityModel.Abstractions": "8.15.0"
        }
      },
      "Microsoft.IdentityModel.Protocols": {
        "type": "Transitive",
        "resolved": "8.0.1",
        "contentHash": "uA2vpKqU3I2mBBEaeJAWPTjT9v1TZrGWKdgK6G5qJd03CLx83kdiqO9cmiK8/n1erkHzFBwU/RphP83aAe3i3g==",
        "dependencies": {
          "Microsoft.IdentityModel.Tokens": "8.0.1"
        }
      },
      "Microsoft.IdentityModel.Protocols.OpenIdConnect": {
        "type": "Transitive",
        "resolved": "8.0.1",
        "contentHash": "AQDbfpL+yzuuGhO/mQhKNsp44pm5Jv8/BI4KiFXR7beVGZoSH35zMV3PrmcfvSTsyI6qrcR898NzUauD6SRigg==",
        "dependencies": {
          "Microsoft.IdentityModel.Protocols": "8.0.1",
          "System.IdentityModel.Tokens.Jwt": "8.0.1"
        }
      },
      "Microsoft.NET.StringTools": {
        "type": "Transitive",
        "resolved": "17.14.28",
        "contentHash": "DMIeWDlxe0Wz0DIhJZ2FMoGQAN2yrGZOi5jjFhRYHWR5ONd0CS6IpAHlRnA7uA/5BF+BADvgsETxW2XrPiFc1A=="
      },
      "Microsoft.OpenApi": {
        "type": "Transitive",
        "resolved": "2.0.0",
        "contentHash": "GGYLfzV/G/ct80OZ45JxnWP7NvMX1BCugn/lX7TH5o0lcVaviavsLMTxmFV2AybXWjbi3h6FF1vgZiTK6PXndw=="
      },
      "Mono.TextTemplating": {
        "type": "Transitive",
        "resolved": "3.0.0",
        "contentHash": "YqueG52R/Xej4VVbKuRIodjiAhV0HR/XVbLbNrJhCZnzjnSjgMJ/dCdV0akQQxavX6hp/LC6rqLGLcXeQYU7XA==",
        "dependencies": {
          "System.CodeDom": "6.0.0"
        }
      },
      "Newtonsoft.Json": {
        "type": "Transitive",
        "resolved": "13.0.3",
        "contentHash": "HrC5BXdl00IP9zeV+0Z848QWPAoCr9P3bDEZguI+gkLcBKAOxix/tLEAAHC+UvDNPv4a2d18lOReHMOagPa+zQ=="
      },
      "Npgsql": {
        "type": "Transitive",
        "resolved": "10.0.0",
        "contentHash": "xZAYhPOU2rUIFpV48xsqhCx9vXs6Y+0jX2LCoSEfDFYMw9jtAOUk3iQsCnDLrFIv9NT3JGMihn7nnuZsPKqJmA=="
      },
      "System.CodeDom": {
        "type": "Transitive",
        "resolved": "9.0.0",
        "contentHash": "oTE5IfuMoET8yaZP/vdvy9xO47guAv/rOhe4DODuFBN3ySprcQOlXqO3j+e/H/YpKKR5sglrxRaZ2HYOhNJrqA=="
      },
      "System.Composition": {
        "type": "Transitive",
        "resolved": "9.0.0",
        "contentHash": "3Djj70fFTraOarSKmRnmRy/zm4YurICm+kiCtI0dYRqGJnLX6nJ+G3WYuFJ173cAPax/gh96REcbNiVqcrypFQ==",
        "dependencies": {
          "System.Composition.AttributedModel": "9.0.0",
          "System.Composition.Convention": "9.0.0",
          "System.Composition.Hosting": "9.0.0",
          "System.Composition.Runtime": "9.0.0",
          "System.Composition.TypedParts": "9.0.0"
        }
      },
      "System.Composition.AttributedModel": {
        "type": "Transitive",
        "resolved": "9.0.0",
        "contentHash": "iri00l/zIX9g4lHMY+Nz0qV1n40+jFYAmgsaiNn16xvt2RDwlqByNG4wgblagnDYxm3YSQQ0jLlC/7Xlk9CzyA=="
      },
      "System.Composition.Convention": {
        "type": "Transitive",
        "resolved": "9.0.0",
        "contentHash": "+vuqVP6xpi582XIjJi6OCsIxuoTZfR0M7WWufk3uGDeCl3wGW6KnpylUJ3iiXdPByPE0vR5TjJgR6hDLez4FQg==",
        "dependencies": {
          "System.Composition.AttributedModel": "9.0.0"
        }
      },
      "System.Composition.Hosting": {
        "type": "Transitive",
        "resolved": "9.0.0",
        "contentHash": "OFqSeFeJYr7kHxDfaViGM1ymk7d4JxK//VSoNF9Ux0gpqkLsauDZpu89kTHHNdCWfSljbFcvAafGyBoY094btQ==",
        "dependencies": {
          "System.Composition.Runtime": "9.0.0"
        }
      },
      "System.Composition.Runtime": {
        "type": "Transitive",
        "resolved": "9.0.0",
        "contentHash": "w1HOlQY1zsOWYussjFGZCEYF2UZXgvoYnS94NIu2CBnAGMbXFAX8PY8c92KwUItPmowal68jnVLBCzdrWLeEKA=="
      },
      "System.Composition.TypedParts": {
        "type": "Transitive",
        "resolved": "9.0.0",
        "contentHash": "aRZlojCCGEHDKqh43jaDgaVpYETsgd7Nx4g1zwLKMtv4iTo0627715ajEFNpEEBTgLmvZuv8K0EVxc3sM4NWJA==",
        "dependencies": {
          "System.Composition.AttributedModel": "9.0.0",
          "System.Composition.Hosting": "9.0.0",
          "System.Composition.Runtime": "9.0.0"
        }
      },
      "System.Configuration.ConfigurationManager": {
        "type": "Transitive",
        "resolved": "9.0.0",
        "contentHash": "PdkuMrwDhXoKFo/JxISIi9E8L+QGn9Iquj2OKDWHB6Y/HnUOuBouF7uS3R4Hw3FoNmwwMo6hWgazQdyHIIs27A==",
        "dependencies": {
          "System.Security.Cryptography.ProtectedData": "9.0.0"
        }
      },
      "System.Formats.Nrbf": {
        "type": "Transitive",
        "resolved": "9.0.0",
        "contentHash": "F/6tNE+ckmdFeSQAyQo26bQOqfPFKEfZcuqnp4kBE6/7jP26diP+QTHCJJ6vpEfaY6bLy+hBLiIQUSxSmNwLkA=="
      },
      "System.Reflection.MetadataLoadContext": {
        "type": "Transitive",
        "resolved": "7.0.0",
        "contentHash": "z9PvtMJra5hK8n+g0wmPtaG7HQRZpTmIPRw5Z0LEemlcdQMHuTD5D7OAY/fZuuz1L9db++QOcDF0gJTLpbMtZQ=="
      },
      "System.Resources.Extensions": {
        "type": "Transitive",
        "resolved": "9.0.0",
        "contentHash": "tvhuT1D2OwPROdL1kRWtaTJliQo0WdyhvwDpd8RM997G7m3Hya5nhbYhNTS75x6Vu+ypSOgL5qxDCn8IROtCxw==",
        "dependencies": {
          "System.Formats.Nrbf": "9.0.0"
        }
      },
      "System.Security.Cryptography.Pkcs": {
        "type": "Transitive",
        "resolved": "9.0.0",
        "contentHash": "8tluJF8w9si+2yoHeL8rgVJS6lKvWomTDC8px65Z8MCzzdME5eaPtEQf4OfVGrAxB5fW93ncucy1+221O9EQaw=="
      },
      "System.Security.Cryptography.ProtectedData": {
        "type": "Transitive",
        "resolved": "9.0.0",
        "contentHash": "CJW+x/F6fmRQ7N6K8paasTw9PDZp4t7G76UjGNlSDgoHPF0h08vTzLYbLZpOLEJSg35d5wy2jCXGo84EN05DpQ=="
      },
      "System.Security.Permissions": {
        "type": "Transitive",
        "resolved": "9.0.0",
        "contentHash": "H2VFD4SFVxieywNxn9/epb63/IOcPPfA0WOtfkljzNfu7GCcHIBQNuwP6zGCEIi7Ci/oj8aLPUNK9sYImMFf4Q==",
        "dependencies": {
          "System.Windows.Extensions": "9.0.0"
        }
      },
      "System.Windows.Extensions": {
        "type": "Transitive",
        "resolved": "9.0.0",
        "contentHash": "U9msthvnH2Fsw7xwAvIhNHOdnIjOQTwOc8Vd0oGOsiRcGMGoBFlUD6qtYawRUoQdKH9ysxesZ9juFElt1Jw/7A=="
      },
      "beatport2rss.application": {
        "type": "Project",
        "dependencies": {
          "Beatport2Rss.Domain": "[1.0.0, )",
          "Beatport2Rss.SharedKernel": "[1.0.0, )",
          "FluentResults": "[4.0.0, )",
          "FluentValidation": "[12.1.1, )",
          "FluentValidation.DependencyInjectionExtensions": "(, )",
          "Mediator.Abstractions": "[3.0.1, )"
        }
      },
      "beatport2rss.domain": {
        "type": "Project",
        "dependencies": {
          "Light.GuardClauses": "[14.0.0, )"
        }
      },
      "beatport2rss.infrastructure": {
        "type": "Project",
        "dependencies": {
          "BCrypt.Net-Next": "[4.0.3, )",
          "Beatport2Rss.Application": "[1.0.0, )",
          "Beatport2Rss.Domain": "[1.0.0, )",
          "Microsoft.AspNetCore.Authentication.JwtBearer": "[10.0.1, )",
          "Microsoft.EntityFrameworkCore": "[10.0.1, )",
          "Microsoft.EntityFrameworkCore.Design": "[10.0.1, )",
          "Microsoft.EntityFrameworkCore.Relational": "[10.0.1, )",
          "Microsoft.EntityFrameworkCore.Tools": "[10.0.1, )",
          "Microsoft.IdentityModel.Tokens": "[8.15.0, )",
          "Npgsql.EntityFrameworkCore.PostgreSQL": "[10.0.0, )",
          "Slugify.Core": "[5.1.1, )",
          "System.IdentityModel.Tokens.Jwt": "[8.15.0, )"
        }
      },
      "beatport2rss.sharedkernel": {
        "type": "Project",
        "dependencies": {
          "FluentResults": "[4.0.0, )"
        }
      },
      "BCrypt.Net-Next": {
        "type": "CentralTransitive",
        "requested": "[4.0.3, )",
        "resolved": "4.0.3",
        "contentHash": "W+U9WvmZQgi5cX6FS5GDtDoPzUCV4LkBLkywq/kRZhuDwcbavOzcDAr3LXJFqHUi952Yj3LEYoWW0jbEUQChsA=="
      },
      "FluentResults": {
        "type": "CentralTransitive",
        "requested": "[4.0.0, )",
        "resolved": "4.0.0",
        "contentHash": "wKfdLvDnDVhXlSreU7u/NFNHH6EfoOhAloEID4ePAyk+ZliowKZJvX+aCL4hxhFc9Jj74t62amS4LyOYTjXGCg=="
      },
      "FluentValidation": {
        "type": "CentralTransitive",
        "requested": "[12.1.1, )",
        "resolved": "12.1.1",
        "contentHash": "EPpkIe1yh1a0OXyC100oOA8WMbZvqUu5plwhvYcb7oSELfyUZzfxV48BLhvs3kKo4NwG7MGLNgy1RJiYtT8Dpw=="
      },
      "Light.GuardClauses": {
        "type": "CentralTransitive",
        "requested": "[14.0.0, )",
        "resolved": "14.0.0",
        "contentHash": "UTNv86j5+Aw2TFjzBhrKy0rwGhk4sSUyt10AOPQkIRgq59eHvAW1SmjEzAcqBeQmpH2iGX9k/hFDGOnGJ8FR7w=="
      },
      "Mediator.Abstractions": {
        "type": "CentralTransitive",
        "requested": "[3.0.1, )",
        "resolved": "3.0.1",
        "contentHash": "WLWp7S7pt818wsK2IiFwGwvUhwq0E/7F0LkglDQKx+4rSzRWVKD3CHtaCi1fpeURH+v44ZPxaRVBCNV7uWOBYQ=="
      },
      "Microsoft.AspNetCore.Authentication.JwtBearer": {
        "type": "CentralTransitive",
        "requested": "[10.0.1, )",
        "resolved": "10.0.1",
        "contentHash": "lvyUEBVv7V1/UvGxfOV3a0kyaQatPAU+ZHru7xha6WVOpa+7aJtKehbiu9VpAt/G50FR+hUwL4nTY33ijsCXwA==",
        "dependencies": {
          "Microsoft.IdentityModel.Protocols.OpenIdConnect": "8.0.1"
        }
      },
      "Microsoft.EntityFrameworkCore": {
        "type": "CentralTransitive",
        "requested": "[10.0.1, )",
        "resolved": "10.0.1",
        "contentHash": "QsXvZ8G7Dl7x09rlq0b2dye7QqfReMq8yGdl7Mffi3Ip+aTa+JUMixBZ4lhCs9Ygjz2e9tiUACstxI+ADkwaFg==",
        "dependencies": {
          "Microsoft.EntityFrameworkCore.Abstractions": "10.0.1",
          "Microsoft.EntityFrameworkCore.Analyzers": "10.0.1"
        }
      },
      "Microsoft.EntityFrameworkCore.Design": {
        "type": "CentralTransitive",
        "requested": "[10.0.1, )",
        "resolved": "10.0.1",
        "contentHash": "0VcVx+hIo7j6bCjTlgPB1D4vHyLdkY3pVmlcsvRR8APEr0vRQ+Nj2Q3qYXTUeHgp8gdBxQFDVCfcAXknevD2KQ==",
        "dependencies": {
          "Humanizer.Core": "2.14.1",
          "Microsoft.Build.Framework": "17.14.28",
          "Microsoft.Build.Tasks.Core": "17.14.28",
          "Microsoft.Build.Utilities.Core": "17.14.28",
          "Microsoft.CodeAnalysis.CSharp": "4.14.0",
          "Microsoft.CodeAnalysis.CSharp.Workspaces": "4.14.0",
          "Microsoft.CodeAnalysis.Workspaces.MSBuild": "4.14.0",
          "Microsoft.EntityFrameworkCore.Relational": "10.0.1",
          "Microsoft.Extensions.DependencyModel": "10.0.1",
          "Mono.TextTemplating": "3.0.0",
          "Newtonsoft.Json": "13.0.3"
        }
      },
      "Microsoft.EntityFrameworkCore.Relational": {
        "type": "CentralTransitive",
        "requested": "[10.0.1, )",
        "resolved": "10.0.1",
        "contentHash": "8/5kYGwKN6wtc89QqcPTOZDAJSMX8MzKCf5OmYjIfAHWTfsUEpGKYrdtfNk4X36rQ0BiU3n57Y4rbtnerzJN0Q==",
        "dependencies": {
          "Microsoft.EntityFrameworkCore": "10.0.1"
        }
      },
      "Microsoft.EntityFrameworkCore.Tools": {
        "type": "CentralTransitive",
        "requested": "[10.0.1, )",
        "resolved": "10.0.1",
        "contentHash": "9vVI/GEf7C/URRBATChRxcG+YgYC0QGnIC+kkvqFWPAGA6mU30PTQABTlm4yICpU+rVgmwDulRKjz2mcKgP92g==",
        "dependencies": {
          "Microsoft.EntityFrameworkCore.Design": "10.0.1"
        }
      },
      "Microsoft.IdentityModel.Tokens": {
        "type": "CentralTransitive",
        "requested": "[8.15.0, )",
        "resolved": "8.15.0",
        "contentHash": "zUE9ysJXBtXlHHRtcRK3Sp8NzdCI1z/BRDTXJQ2TvBoI0ENRtnufYIep0O5TSCJRJGDwwuLTUx+l/bEYZUxpCA==",
        "dependencies": {
          "Microsoft.IdentityModel.Logging": "8.15.0"
        }
      },
      "Npgsql.EntityFrameworkCore.PostgreSQL": {
        "type": "CentralTransitive",
        "requested": "[10.0.0, )",
        "resolved": "10.0.0",
        "contentHash": "E2+uSWxSB8LdsUVwPaqRWOcGOP92biry2JEwc0KJMdLJF+aZdczeIdEXVwEyv4nSVMQJH0o8tLhyAMiR6VF0lw==",
        "dependencies": {
          "Microsoft.EntityFrameworkCore": "[10.0.0, 11.0.0)",
          "Microsoft.EntityFrameworkCore.Relational": "[10.0.0, 11.0.0)",
          "Npgsql": "10.0.0"
        }
      },
      "Slugify.Core": {
        "type": "CentralTransitive",
        "requested": "[5.1.1, )",
        "resolved": "5.1.1",
        "contentHash": "9dsxewpdgnLgOVN6dIRX3XvlEy1XpLbE2nd2bFebcW0XPdysU1WgQUXChFcAfjHpdfImBxMUe33PTwZOuU531Q=="
      },
      "System.IdentityModel.Tokens.Jwt": {
        "type": "CentralTransitive",
        "requested": "[8.15.0, )",
        "resolved": "8.15.0",
        "contentHash": "dpodi7ixz6hxK8YCBYAWzm0IA8JYXoKcz0hbCbNifo519//rjUI0fBD8rfNr+IGqq+2gm4oQoXwHk09LX5SqqQ==",
        "dependencies": {
          "Microsoft.IdentityModel.JsonWebTokens": "8.15.0",
          "Microsoft.IdentityModel.Tokens": "8.15.0"
        }
      }
    }
  }
}